
Microsoft Visual Studio Solution File, Format Version 12.00
# Visual Studio Version 17
VisualStudioVersion = 17.8.34330.188
MinimumVisualStudioVersion = 10.0.40219.1
Project("{9A19103F-16F7-4668-BE54-9A1E7A4F7556}") = "E_Commerce.Api", "E_Commerce.Api\E_Commerce.Api.csproj", "{91224274-3C56-4BC2-A64B-139416538EFA}"
EndProject
Project("{9A19103F-16F7-4668-BE54-9A1E7A4F7556}") = "E_Commerce.Entities", "E_Commerce.Entities\E_Commerce.Entities.csproj", "{3BCB210B-5C14-4B66-AD27-FC5349B4D726}"
EndProject
Project("{9A19103F-16F7-4668-BE54-9A1E7A4F7556}") = "E_Commerce.Services", "E_Commerce.Services\E_Commerce.Services.csproj", "{B6C79516-BAAD-49CF-B8FE-5C486B4F6B77}"
EndProject
Global
	GlobalSection(SolutionConfigurationPlatforms) = preSolution
		Debug|Any CPU = Debug|Any CPU
		Release|Any CPU = Release|Any CPU
	EndGlobalSection
	GlobalSection(ProjectConfigurationPlatforms) = postSolution
		{91224274-3C56-4BC2-A64B-139416538EFA}.Debug|Any CPU.ActiveCfg = Debug|Any CPU
		{91224274-3C56-4BC2-A64B-139416538EFA}.Debug|Any CPU.Build.0 = Debug|Any CPU
		{91224274-3C56-4BC2-A64B-139416538EFA}.Release|Any CPU.ActiveCfg = Release|Any CPU
		{91224274-3C56-4BC2-A64B-139416538EFA}.Release|Any CPU.Build.0 = Release|Any CPU
		{3BCB210B-5C14-4B66-AD27-FC5349B4D726}.Debug|Any CPU.ActiveCfg = Debug|Any CPU
		{3BCB210B-5C14-4B66-AD27-FC5349B4D726}.Debug|Any CPU.Build.0 = Debug|Any CPU
		{3BCB210B-5C14-4B66-AD27-FC5349B4D726}.Release|Any CPU.ActiveCfg = Release|Any CPU
		{3BCB210B-5C14-4B66-AD27-FC5349B4D726}.Release|Any CPU.Build.0 = Release|Any CPU
		{B6C79516-BAAD-49CF-B8FE-5C486B4F6B77}.Debug|Any CPU.ActiveCfg = Debug|Any CPU
		{B6C79516-BAAD-49CF-B8FE-5C486B4F6B77}.Debug|Any CPU.Build.0 = Debug|Any CPU
		{B6C79516-BAAD-49CF-B8FE-5C486B4F6B77}.Release|Any CPU.ActiveCfg = Release|Any CPU
		{B6C79516-BAAD-49CF-B8FE-5C486B4F6B77}.Release|Any CPU.Build.0 = Release|Any CPU
	EndGlobalSection
	GlobalSection(SolutionProperties) = preSolution
		HideSolutionNode = FALSE
	EndGlobalSection
	GlobalSection(ExtensibilityGlobals) = postSolution
		SolutionGuid = {3C7996CC-F6C4-4D2C-BECD-2C0496E79FB4}
	EndGlobalSection
EndGlobal
